
Microsoft Visual Studio Solution File, Format Version 12.00
# Visual Studio 14
VisualStudioVersion = 14.0.25420.1
MinimumVisualStudioVersion = 10.0.40219.1
Project("{FAE04EC0-301F-11D3-BF4B-00C04F79EFBC}") = "ResponsiPemrograman4356", "ResponsiPemrograman4356\ResponsiPemrograman4356.csproj", "{CE0EE9B5-E877-4B26-81D1-1AF5188D3B30}"
EndProject
Global
	GlobalSection(SolutionConfigurationPlatforms) = preSolution
		Debug|Any CPU = Debug|Any CPU
		Release|Any CPU = Release|Any CPU
	EndGlobalSection
	GlobalSection(ProjectConfigurationPlatforms) = postSolution
		{CE0EE9B5-E877-4B26-81D1-1AF5188D3B30}.Debug|Any CPU.ActiveCfg = Debug|Any CPU
		{CE0EE9B5-E877-4B26-81D1-1AF5188D3B30}.Debug|Any CPU.Build.0 = Debug|Any CPU
		{CE0EE9B5-E877-4B26-81D1-1AF5188D3B30}.Release|Any CPU.ActiveCfg = Release|Any CPU
		{CE0EE9B5-E877-4B26-81D1-1AF5188D3B30}.Release|Any CPU.Build.0 = Release|Any CPU
	EndGlobalSection
	GlobalSection(SolutionProperties) = preSolution
		HideSolutionNode = FALSE
	EndGlobalSection
EndGlobal
